// !$*UTF8*$!
{
	archiveVersion = 1;
	classes = {
	};
	objectVersion = 46;
	objects = {

/* Begin PBXBuildFile section */
		5019EDDA1A06D96D00FFE2CB /* bilanci.txt in Resources */ = {isa = PBXBuildFile; fileRef = 5019EDD81A06D96D00FFE2CB /* bilanci.txt */; };
		5019EDDB1A06D96D00FFE2CB /* TemplateIcon2x.png in Resources */ = {isa = PBXBuildFile; fileRef = 5019EDD91A06D96D00FFE2CB /* TemplateIcon2x.png */; };
		5056D23F19BA810900F49460 /* sf.png in Resources */ = {isa = PBXBuildFile; fileRef = 5056D23E19BA810900F49460 /* sf.png */; };
		50A546121A03CC3B00E9D2F8 /* TSPBilViewController.m in Sources */ = {isa = PBXBuildFile; fileRef = 50A546111A03CC3B00E9D2F8 /* TSPBilViewController.m */; };
		50A546151A03CDF800E9D2F8 /* FileDownloadInfo.m in Sources */ = {isa = PBXBuildFile; fileRef = 50A546141A03CDF800E9D2F8 /* FileDownloadInfo.m */; };
		50C9D57119E98D6D0032BA34 /* icon-back.png in Resources */ = {isa = PBXBuildFile; fileRef = 50C9D57019E98D6D0032BA34 /* icon-back.png */; };
		50C9D57319E9974C0032BA34 /* Default-568h@2x.png in Resources */ = {isa = PBXBuildFile; fileRef = 50C9D57219E9974C0032BA34 /* Default-568h@2x.png */; };
		50C9D57519E9C5BD0032BA34 /* bg_vuoto.png in Resources */ = {isa = PBXBuildFile; fileRef = 50C9D57419E9C5BC0032BA34 /* bg_vuoto.png */; };
		50C9D57A1A03BC8A0032BA34 /* cda.html in Resources */ = {isa = PBXBuildFile; fileRef = 50C9D5761A03BC8A0032BA34 /* cda.html */; };
		50C9D57B1A03BC8B0032BA34 /* dot25.png in Resources */ = {isa = PBXBuildFile; fileRef = 50C9D5771A03BC8A0032BA34 /* dot25.png */; };
		50C9D57C1A03BC8B0032BA34 /* dot50.png in Resources */ = {isa = PBXBuildFile; fileRef = 50C9D5781A03BC8A0032BA34 /* dot50.png */; };
		50C9D57D1A03BC8B0032BA34 /* governance.html in Resources */ = {isa = PBXBuildFile; fileRef = 50C9D5791A03BC8A0032BA34 /* governance.html */; };
		50E8EA7919C5D7C200F41D77 /* logo.png in Resources */ = {isa = PBXBuildFile; fileRef = 50E8EA7119C5D7C200F41D77 /* logo.png */; };
		50E8EA7A19C5D7C200F41D77 /* f5.png in Resources */ = {isa = PBXBuildFile; fileRef = 50E8EA7219C5D7C200F41D77 /* f5.png */; };
		50E8EA7B19C5D7C200F41D77 /* f4.png in Resources */ = {isa = PBXBuildFile; fileRef = 50E8EA7319C5D7C200F41D77 /* f4.png */; };
		50E8EA7C19C5D7C200F41D77 /* f2.png in Resources */ = {isa = PBXBuildFile; fileRef = 50E8EA7419C5D7C200F41D77 /* f2.png */; };
		50E8EA7D19C5D7C200F41D77 /* f1.png in Resources */ = {isa = PBXBuildFile; fileRef = 50E8EA7519C5D7C200F41D77 /* f1.png */; };
		50E8EA7E19C5D7C200F41D77 /* f3.png in Resources */ = {isa = PBXBuildFile; fileRef = 50E8EA7619C5D7C200F41D77 /* f3.png */; };
		50E8EA8019C5D7C200F41D77 /* f6.png in Resources */ = {isa = PBXBuildFile; fileRef = 50E8EA7819C5D7C200F41D77 /* f6.png */; };
		50E8EA8719C5E33A00F41D77 /* f2_off.png in Resources */ = {isa = PBXBuildFile; fileRef = 50E8EA8119C5E33A00F41D77 /* f2_off.png */; };
		50E8EA8819C5E33A00F41D77 /* f1_off.png in Resources */ = {isa = PBXBuildFile; fileRef = 50E8EA8219C5E33A00F41D77 /* f1_off.png */; };
		50E8EA8919C5E33A00F41D77 /* f4_off.png in Resources */ = {isa = PBXBuildFile; fileRef = 50E8EA8319C5E33A00F41D77 /* f4_off.png */; };
		50E8EA8A19C5E33A00F41D77 /* f6_off.png in Resources */ = {isa = PBXBuildFile; fileRef = 50E8EA8419C5E33A00F41D77 /* f6_off.png */; };
		50E8EA8B19C5E33A00F41D77 /* f5_off.png in Resources */ = {isa = PBXBuildFile; fileRef = 50E8EA8519C5E33A00F41D77 /* f5_off.png */; };
		50E8EA8C19C5E33A00F41D77 /* f3_off.png in Resources */ = {isa = PBXBuildFile; fileRef = 50E8EA8619C5E33A00F41D77 /* f3_off.png */; };
		50E8EA9119C5F51700F41D77 /* terraViBil_piccola.png in Resources */ = {isa = PBXBuildFile; fileRef = 50E8EA8F19C5F51700F41D77 /* terraViBil_piccola.png */; };
		50E8EA9219C5F51700F41D77 /* terraViBil.png in Resources */ = {isa = PBXBuildFile; fileRef = 50E8EA9019C5F51700F41D77 /* terraViBil.png */; };
		50E8EAA719C62A0700F41D77 /* TSPPageViewController.m in Sources */ = {isa = PBXBuildFile; fileRef = 50E8EAA619C62A0700F41D77 /* TSPPageViewController.m */; };
		50E8EAAE19E968BF00F41D77 /* bg_bilancio.png in Resources */ = {isa = PBXBuildFile; fileRef = 50E8EAA819E968BF00F41D77 /* bg_bilancio.png */; };
		50E8EAAF19E968BF00F41D77 /* bg_governance.png in Resources */ = {isa = PBXBuildFile; fileRef = 50E8EAA919E968BF00F41D77 /* bg_governance.png */; };
		50E8EAB019E968BF00F41D77 /* bg_filiali.png in Resources */ = {isa = PBXBuildFile; fileRef = 50E8EAAA19E968BF00F41D77 /* bg_filiali.png */; };
		50E8EAB119E968BF00F41D77 /* bg_numeri.png in Resources */ = {isa = PBXBuildFile; fileRef = 50E8EAAB19E968BF00F41D77 /* bg_numeri.png */; };
		50E8EAB219E968BF00F41D77 /* bg_sociale.png in Resources */ = {isa = PBXBuildFile; fileRef = 50E8EAAC19E968BF00F41D77 /* bg_sociale.png */; };
		50E8EAB319E968BF00F41D77 /* bg_notizie.png in Resources */ = {isa = PBXBuildFile; fileRef = 50E8EAAD19E968BF00F41D77 /* bg_notizie.png */; };
		5639746D18FB3BF90068AB08 /* Foundation.framework in Frameworks */ = {isa = PBXBuildFile; fileRef = 5639746C18FB3BF90068AB08 /* Foundation.framework */; };
		5639746F18FB3BF90068AB08 /* CoreGraphics.framework in Frameworks */ = {isa = PBXBuildFile; fileRef = 5639746E18FB3BF90068AB08 /* CoreGraphics.framework */; };
		5639747118FB3BF90068AB08 /* UIKit.framework in Frameworks */ = {isa = PBXBuildFile; fileRef = 5639747018FB3BF90068AB08 /* UIKit.framework */; };
		5639747718FB3BF90068AB08 /* InfoPlist.strings in Resources */ = {isa = PBXBuildFile; fileRef = 5639747518FB3BF90068AB08 /* InfoPlist.strings */; };
		5639747918FB3BF90068AB08 /* main.m in Sources */ = {isa = PBXBuildFile; fileRef = 5639747818FB3BF90068AB08 /* main.m */; };
		5639747D18FB3BF90068AB08 /* TSPAppDelegate.m in Sources */ = {isa = PBXBuildFile; fileRef = 5639747C18FB3BF90068AB08 /* TSPAppDelegate.m */; };
		5639748018FB3BF90068AB08 /* Main.storyboard in Resources */ = {isa = PBXBuildFile; fileRef = 5639747E18FB3BF90068AB08 /* Main.storyboard */; };
		5639748318FB3BF90068AB08 /* TSPViewController.m in Sources */ = {isa = PBXBuildFile; fileRef = 5639748218FB3BF90068AB08 /* TSPViewController.m */; };
		5639748518FB3BF90068AB08 /* Images.xcassets in Resources */ = {isa = PBXBuildFile; fileRef = 5639748418FB3BF90068AB08 /* Images.xcassets */; };
		563974A418FB72610068AB08 /* logo_chb_s.png in Resources */ = {isa = PBXBuildFile; fileRef = 563974A318FB72610068AB08 /* logo_chb_s.png */; };
		563974A718FB7A110068AB08 /* TSPTouchUIView.m in Sources */ = {isa = PBXBuildFile; fileRef = 563974A618FB7A110068AB08 /* TSPTouchUIView.m */; };
		563974AA18FB82B60068AB08 /* TSPWebViewController.m in Sources */ = {isa = PBXBuildFile; fileRef = 563974A918FB82B60068AB08 /* TSPWebViewController.m */; };
		563974AF18FB8C3E0068AB08 /* FindUIViewController.m in Sources */ = {isa = PBXBuildFile; fileRef = 563974AE18FB8C3E0068AB08 /* FindUIViewController.m */; };
		563974B618FBA3330068AB08 /* under_layer.png in Resources */ = {isa = PBXBuildFile; fileRef = 563974B518FBA3330068AB08 /* under_layer.png */; };
		563974BE18FBB1020068AB08 /* TSPMapViewController.m in Sources */ = {isa = PBXBuildFile; fileRef = 563974BD18FBB1020068AB08 /* TSPMapViewController.m */; };
		563974C018FBB6790068AB08 /* MapKit.framework in Frameworks */ = {isa = PBXBuildFile; fileRef = 563974BF18FBB6790068AB08 /* MapKit.framework */; };
		56D509131901DE5100C5847A /* chbloading.png in Resources */ = {isa = PBXBuildFile; fileRef = 56D509121901DE5000C5847A /* chbloading.png */; };
		56D5091D1903473200C5847A /* filiali.txt in Resources */ = {isa = PBXBuildFile; fileRef = 56D5091C1903473200C5847A /* filiali.txt */; };
		56D509261903783100C5847A /* Reachability.m in Sources */ = {isa = PBXBuildFile; fileRef = 56D509251903783100C5847A /* Reachability.m */; };
		56DBBC07190427D8009B6E15 /* GetData.m in Sources */ = {isa = PBXBuildFile; fileRef = 56DBBC06190427D8009B6E15 /* GetData.m */; };
		56DBBC0919044008009B6E15 /* noise.png in Resources */ = {isa = PBXBuildFile; fileRef = 56DBBC0819044008009B6E15 /* noise.png */; };
		56DBBC3F19048CE4009B6E15 /* bilancio.htm in Resources */ = {isa = PBXBuildFile; fileRef = 56DBBC3A19048CE4009B6E15 /* bilancio.htm */; };
		56DBBC4019048CE4009B6E15 /* numeri.htm in Resources */ = {isa = PBXBuildFile; fileRef = 56DBBC3B19048CE4009B6E15 /* numeri.htm */; };
		56DBBC4119048CE4009B6E15 /* governance_no.htm in Resources */ = {isa = PBXBuildFile; fileRef = 56DBBC3C19048CE4009B6E15 /* governance_no.htm */; };
		56DBBC4219048CE4009B6E15 /* sociale.htm in Resources */ = {isa = PBXBuildFile; fileRef = 56DBBC3D19048CE4009B6E15 /* sociale.htm */; };
		56DBBC4319048CE4009B6E15 /* notizie.htm in Resources */ = {isa = PBXBuildFile; fileRef = 56DBBC3E19048CE4009B6E15 /* notizie.htm */; };
		56DBBC4A190499C9009B6E15 /* fav.png in Resources */ = {isa = PBXBuildFile; fileRef = 56DBBC48190499C9009B6E15 /* fav.png */; };
		56DBBC4B190499C9009B6E15 /* favorited.png in Resources */ = {isa = PBXBuildFile; fileRef = 56DBBC49190499C9009B6E15 /* favorited.png */; };
		56DBBC4D1904A140009B6E15 /* 25.html in Resources */ = {isa = PBXBuildFile; fileRef = 56DBBC4C1904A140009B6E15 /* 25.html */; };
		56DBBC581904AB55009B6E15 /* pin_blue_ipad.png in Resources */ = {isa = PBXBuildFile; fileRef = 56DBBC4E1904AB55009B6E15 /* pin_blue_ipad.png */; };
		56DBBC591904AB55009B6E15 /* pin_blue.png in Resources */ = {isa = PBXBuildFile; fileRef = 56DBBC4F1904AB55009B6E15 /* pin_blue.png */; };
		56DBBC5A1904AB55009B6E15 /* pin_green_ipad.png in Resources */ = {isa = PBXBuildFile; fileRef = 56DBBC501904AB55009B6E15 /* pin_green_ipad.png */; };
		56DBBC5B1904AB55009B6E15 /* pin_green.png in Resources */ = {isa = PBXBuildFile; fileRef = 56DBBC511904AB55009B6E15 /* pin_green.png */; };
		56DBBC5C1904AB55009B6E15 /* pin_pink_ipad.png in Resources */ = {isa = PBXBuildFile; fileRef = 56DBBC521904AB55009B6E15 /* pin_pink_ipad.png */; };
		56DBBC5D1904AB55009B6E15 /* pin_pink.png in Resources */ = {isa = PBXBuildFile; fileRef = 56DBBC531904AB55009B6E15 /* pin_pink.png */; };
		56DBBC5E1904AB55009B6E15 /* pin_red_ipad.png in Resources */ = {isa = PBXBuildFile; fileRef = 56DBBC541904AB55009B6E15 /* pin_red_ipad.png */; };
		56DBBC5F1904AB55009B6E15 /* pin_red.png in Resources */ = {isa = PBXBuildFile; fileRef = 56DBBC551904AB55009B6E15 /* pin_red.png */; };
		56DBBC601904AB55009B6E15 /* pin_yellow_ipad.png in Resources */ = {isa = PBXBuildFile; fileRef = 56DBBC561904AB55009B6E15 /* pin_yellow_ipad.png */; };
		56DBBC611904AB55009B6E15 /* pin_yellow.png in Resources */ = {isa = PBXBuildFile; fileRef = 56DBBC571904AB55009B6E15 /* pin_yellow.png */; };
		56DBBC631904AE55009B6E15 /* pin_hres_red.png in Resources */ = {isa = PBXBuildFile; fileRef = 56DBBC621904AE55009B6E15 /* pin_hres_red.png */; };
		56DBBC651904DDCA009B6E15 /* noise_hres.png in Resources */ = {isa = PBXBuildFile; fileRef = 56DBBC641904DDCA009B6E15 /* noise_hres.png */; };
		56DBBC711905D7A1009B6E15 /* ContentViewController.m in Sources */ = {isa = PBXBuildFile; fileRef = 56DBBC6A1905D7A1009B6E15 /* ContentViewController.m */; };
		56DBBC721905D7A1009B6E15 /* PageViewController.m in Sources */ = {isa = PBXBuildFile; fileRef = 56DBBC6C1905D7A1009B6E15 /* PageViewController.m */; };
		56DBBC731905D7A1009B6E15 /* PDFScrollView.m in Sources */ = {isa = PBXBuildFile; fileRef = 56DBBC6E1905D7A1009B6E15 /* PDFScrollView.m */; };
		56DBBC741905D7A1009B6E15 /* TiledPDFView.m in Sources */ = {isa = PBXBuildFile; fileRef = 56DBBC701905D7A1009B6E15 /* TiledPDFView.m */; };
		56DBBC761905D9CB009B6E15 /* PDF.pdf in Resources */ = {isa = PBXBuildFile; fileRef = 56DBBC751905D9CB009B6E15 /* PDF.pdf */; };
		56DBBC7B1905F294009B6E15 /* BILANCIO_WEB4_1536.pdf in Resources */ = {isa = PBXBuildFile; fileRef = 56DBBC7A1905F294009B6E15 /* BILANCIO_WEB4_1536.pdf */; };
/* End PBXBuildFile section */

/* Begin PBXFileReference section */
		5019EDD81A06D96D00FFE2CB /* bilanci.txt */ = {isa = PBXFileReference; fileEncoding = 4; lastKnownFileType = text; path = bilanci.txt; sourceTree = "<group>"; };
		5019EDD91A06D96D00FFE2CB /* TemplateIcon2x.png */ = {isa = PBXFileReference; lastKnownFileType = image.png; path = TemplateIcon2x.png; sourceTree = "<group>"; };
		5056D23E19BA810900F49460 /* sf.png */ = {isa = PBXFileReference; lastKnownFileType = image.png; path = sf.png; sourceTree = "<group>"; };
		50A546101A03CC3B00E9D2F8 /* TSPBilViewController.h */ = {isa = PBXFileReference; fileEncoding = 4; lastKnownFileType = sourcecode.c.h; name = TSPBilViewController.h; path = ../TSPBilViewController.h; sourceTree = "<group>"; };
		50A546111A03CC3B00E9D2F8 /* TSPBilViewController.m */ = {isa = PBXFileReference; fileEncoding = 4; lastKnownFileType = sourcecode.c.objc; name = TSPBilViewController.m; path = ../TSPBilViewController.m; sourceTree = "<group>"; };
		50A546131A03CDF800E9D2F8 /* FileDownloadInfo.h */ = {isa = PBXFileReference; fileEncoding = 4; lastKnownFileType = sourcecode.c.h; path = FileDownloadInfo.h; sourceTree = "<group>"; };
		50A546141A03CDF800E9D2F8 /* FileDownloadInfo.m */ = {isa = PBXFileReference; fileEncoding = 4; lastKnownFileType = sourcecode.c.objc; path = FileDownloadInfo.m; sourceTree = "<group>"; };
		50C9D57019E98D6D0032BA34 /* icon-back.png */ = {isa = PBXFileReference; lastKnownFileType = image.png; path = "icon-back.png"; sourceTree = "<group>"; };
		50C9D57219E9974C0032BA34 /* Default-568h@2x.png */ = {isa = PBXFileReference; lastKnownFileType = image.png; path = "Default-568h@2x.png"; sourceTree = "<group>"; };
		50C9D57419E9C5BC0032BA34 /* bg_vuoto.png */ = {isa = PBXFileReference; lastKnownFileType = image.png; path = bg_vuoto.png; sourceTree = "<group>"; };
		50C9D5761A03BC8A0032BA34 /* cda.html */ = {isa = PBXFileReference; fileEncoding = 4; lastKnownFileType = text.html; path = cda.html; sourceTree = "<group>"; };
		50C9D5771A03BC8A0032BA34 /* dot25.png */ = {isa = PBXFileReference; lastKnownFileType = image.png; path = dot25.png; sourceTree = "<group>"; };
		50C9D5781A03BC8A0032BA34 /* dot50.png */ = {isa = PBXFileReference; lastKnownFileType = image.png; path = dot50.png; sourceTree = "<group>"; };
		50C9D5791A03BC8A0032BA34 /* governance.html */ = {isa = PBXFileReference; fileEncoding = 4; lastKnownFileType = text.html; path = governance.html; sourceTree = "<group>"; };
		50E8EA7119C5D7C200F41D77 /* logo.png */ = {isa = PBXFileReference; lastKnownFileType = image.png; path = logo.png; sourceTree = "<group>"; };
		50E8EA7219C5D7C200F41D77 /* f5.png */ = {isa = PBXFileReference; lastKnownFileType = image.png; path = f5.png; sourceTree = "<group>"; };
		50E8EA7319C5D7C200F41D77 /* f4.png */ = {isa = PBXFileReference; lastKnownFileType = image.png; path = f4.png; sourceTree = "<group>"; };
		50E8EA7419C5D7C200F41D77 /* f2.png */ = {isa = PBXFileReference; lastKnownFileType = image.png; path = f2.png; sourceTree = "<group>"; };
		50E8EA7519C5D7C200F41D77 /* f1.png */ = {isa = PBXFileReference; lastKnownFileType = image.png; path = f1.png; sourceTree = "<group>"; };
		50E8EA7619C5D7C200F41D77 /* f3.png */ = {isa = PBXFileReference; lastKnownFileType = image.png; path = f3.png; sourceTree = "<group>"; };
		50E8EA7819C5D7C200F41D77 /* f6.png */ = {isa = PBXFileReference; lastKnownFileType = image.png; path = f6.png; sourceTree = "<group>"; };
		50E8EA8119C5E33A00F41D77 /* f2_off.png */ = {isa = PBXFileReference; lastKnownFileType = image.png; path = f2_off.png; sourceTree = "<group>"; };
		50E8EA8219C5E33A00F41D77 /* f1_off.png */ = {isa = PBXFileReference; lastKnownFileType = image.png; path = f1_off.png; sourceTree = "<group>"; };
		50E8EA8319C5E33A00F41D77 /* f4_off.png */ = {isa = PBXFileReference; lastKnownFileType = image.png; path = f4_off.png; sourceTree = "<group>"; };
		50E8EA8419C5E33A00F41D77 /* f6_off.png */ = {isa = PBXFileReference; lastKnownFileType = image.png; path = f6_off.png; sourceTree = "<group>"; };
		50E8EA8519C5E33A00F41D77 /* f5_off.png */ = {isa = PBXFileReference; lastKnownFileType = image.png; path = f5_off.png; sourceTree = "<group>"; };
		50E8EA8619C5E33A00F41D77 /* f3_off.png */ = {isa = PBXFileReference; lastKnownFileType = image.png; path = f3_off.png; sourceTree = "<group>"; };
		50E8EA8F19C5F51700F41D77 /* terraViBil_piccola.png */ = {isa = PBXFileReference; lastKnownFileType = image.png; path = terraViBil_piccola.png; sourceTree = "<group>"; };
		50E8EA9019C5F51700F41D77 /* terraViBil.png */ = {isa = PBXFileReference; lastKnownFileType = image.png; path = terraViBil.png; sourceTree = "<group>"; };
		50E8EAA519C62A0700F41D77 /* TSPPageViewController.h */ = {isa = PBXFileReference; fileEncoding = 4; lastKnownFileType = sourcecode.c.h; name = TSPPageViewController.h; path = ../TSPPageViewController.h; sourceTree = "<group>"; };
		50E8EAA619C62A0700F41D77 /* TSPPageViewController.m */ = {isa = PBXFileReference; fileEncoding = 4; lastKnownFileType = sourcecode.c.objc; name = TSPPageViewController.m; path = ../TSPPageViewController.m; sourceTree = "<group>"; };
		50E8EAA819E968BF00F41D77 /* bg_bilancio.png */ = {isa = PBXFileReference; lastKnownFileType = image.png; path = bg_bilancio.png; sourceTree = "<group>"; };
		50E8EAA919E968BF00F41D77 /* bg_governance.png */ = {isa = PBXFileReference; lastKnownFileType = image.png; path = bg_governance.png; sourceTree = "<group>"; };
		50E8EAAA19E968BF00F41D77 /* bg_filiali.png */ = {isa = PBXFileReference; lastKnownFileType = image.png; path = bg_filiali.png; sourceTree = "<group>"; };
		50E8EAAB19E968BF00F41D77 /* bg_numeri.png */ = {isa = PBXFileReference; lastKnownFileType = image.png; path = bg_numeri.png; sourceTree = "<group>"; };
		50E8EAAC19E968BF00F41D77 /* bg_sociale.png */ = {isa = PBXFileReference; lastKnownFileType = image.png; path = bg_sociale.png; sourceTree = "<group>"; };
		50E8EAAD19E968BF00F41D77 /* bg_notizie.png */ = {isa = PBXFileReference; lastKnownFileType = image.png; path = bg_notizie.png; sourceTree = "<group>"; };
		5639746918FB3BF90068AB08 /* Chb.app */ = {isa = PBXFileReference; explicitFileType = wrapper.application; includeInIndex = 0; path = Chb.app; sourceTree = BUILT_PRODUCTS_DIR; };
		5639746C18FB3BF90068AB08 /* Foundation.framework */ = {isa = PBXFileReference; lastKnownFileType = wrapper.framework; name = Foundation.framework; path = System/Library/Frameworks/Foundation.framework; sourceTree = SDKROOT; };
		5639746E18FB3BF90068AB08 /* CoreGraphics.framework */ = {isa = PBXFileReference; lastKnownFileType = wrapper.framework; name = CoreGraphics.framework; path = System/Library/Frameworks/CoreGraphics.framework; sourceTree = SDKROOT; };
		5639747018FB3BF90068AB08 /* UIKit.framework */ = {isa = PBXFileReference; lastKnownFileType = wrapper.framework; name = UIKit.framework; path = System/Library/Frameworks/UIKit.framework; sourceTree = SDKROOT; };
		5639747418FB3BF90068AB08 /* Chb-Info.plist */ = {isa = PBXFileReference; lastKnownFileType = text.plist.xml; path = "Chb-Info.plist"; sourceTree = "<group>"; };
		5639747618FB3BF90068AB08 /* en */ = {isa = PBXFileReference; lastKnownFileType = text.plist.strings; name = en; path = en.lproj/InfoPlist.strings; sourceTree = "<group>"; };
		5639747818FB3BF90068AB08 /* main.m */ = {isa = PBXFileReference; lastKnownFileType = sourcecode.c.objc; path = main.m; sourceTree = "<group>"; };
		5639747A18FB3BF90068AB08 /* Chb-Prefix.pch */ = {isa = PBXFileReference; lastKnownFileType = sourcecode.c.h; path = "Chb-Prefix.pch"; sourceTree = "<group>"; };
		5639747B18FB3BF90068AB08 /* TSPAppDelegate.h */ = {isa = PBXFileReference; lastKnownFileType = sourcecode.c.h; path = TSPAppDelegate.h; sourceTree = "<group>"; };
		5639747C18FB3BF90068AB08 /* TSPAppDelegate.m */ = {isa = PBXFileReference; lastKnownFileType = sourcecode.c.objc; path = TSPAppDelegate.m; sourceTree = "<group>"; };
		5639747F18FB3BF90068AB08 /* Base */ = {isa = PBXFileReference; lastKnownFileType = file.storyboard; name = Base; path = Base.lproj/Main.storyboard; sourceTree = "<group>"; };
		5639748118FB3BF90068AB08 /* TSPViewController.h */ = {isa = PBXFileReference; lastKnownFileType = sourcecode.c.h; path = TSPViewController.h; sourceTree = "<group>"; };
		5639748218FB3BF90068AB08 /* TSPViewController.m */ = {isa = PBXFileReference; lastKnownFileType = sourcecode.c.objc; path = TSPViewController.m; sourceTree = "<group>"; };
		5639748418FB3BF90068AB08 /* Images.xcassets */ = {isa = PBXFileReference; lastKnownFileType = folder.assetcatalog; path = Images.xcassets; sourceTree = "<group>"; };
		5639748B18FB3BF90068AB08 /* XCTest.framework */ = {isa = PBXFileReference; lastKnownFileType = wrapper.framework; name = XCTest.framework; path = Library/Frameworks/XCTest.framework; sourceTree = DEVELOPER_DIR; };
		563974A318FB72610068AB08 /* logo_chb_s.png */ = {isa = PBXFileReference; lastKnownFileType = image.png; name = logo_chb_s.png; path = ../logo_chb_s.png; sourceTree = "<group>"; };
		563974A518FB7A110068AB08 /* TSPTouchUIView.h */ = {isa = PBXFileReference; fileEncoding = 4; lastKnownFileType = sourcecode.c.h; path = TSPTouchUIView.h; sourceTree = "<group>"; };
		563974A618FB7A110068AB08 /* TSPTouchUIView.m */ = {isa = PBXFileReference; fileEncoding = 4; lastKnownFileType = sourcecode.c.objc; path = TSPTouchUIView.m; sourceTree = "<group>"; };
		563974A818FB82B60068AB08 /* TSPWebViewController.h */ = {isa = PBXFileReference; fileEncoding = 4; lastKnownFileType = sourcecode.c.h; path = TSPWebViewController.h; sourceTree = "<group>"; };
		563974A918FB82B60068AB08 /* TSPWebViewController.m */ = {isa = PBXFileReference; fileEncoding = 4; lastKnownFileType = sourcecode.c.objc; path = TSPWebViewController.m; sourceTree = "<group>"; };
		563974AD18FB8C3E0068AB08 /* FindUIViewController.h */ = {isa = PBXFileReference; fileEncoding = 4; lastKnownFileType = sourcecode.c.h; path = FindUIViewController.h; sourceTree = "<group>"; };
		563974AE18FB8C3E0068AB08 /* FindUIViewController.m */ = {isa = PBXFileReference; fileEncoding = 4; lastKnownFileType = sourcecode.c.objc; path = FindUIViewController.m; sourceTree = "<group>"; };
		563974B218FB919C0068AB08 /* it */ = {isa = PBXFileReference; lastKnownFileType = text.plist.strings; name = it; path = it.lproj/Main.strings; sourceTree = "<group>"; };
		563974B318FB919C0068AB08 /* it */ = {isa = PBXFileReference; lastKnownFileType = text.plist.strings; name = it; path = it.lproj/InfoPlist.strings; sourceTree = "<group>"; };
		563974B518FBA3330068AB08 /* under_layer.png */ = {isa = PBXFileReference; lastKnownFileType = image.png; name = under_layer.png; path = ../under_layer.png; sourceTree = "<group>"; };
		563974BC18FBB1020068AB08 /* TSPMapViewController.h */ = {isa = PBXFileReference; fileEncoding = 4; lastKnownFileType = sourcecode.c.h; name = TSPMapViewController.h; path = ../TSPMapViewController.h; sourceTree = "<group>"; };
		563974BD18FBB1020068AB08 /* TSPMapViewController.m */ = {isa = PBXFileReference; fileEncoding = 4; lastKnownFileType = sourcecode.c.objc; name = TSPMapViewController.m; path = ../TSPMapViewController.m; sourceTree = "<group>"; };
		563974BF18FBB6790068AB08 /* MapKit.framework */ = {isa = PBXFileReference; lastKnownFileType = wrapper.framework; name = MapKit.framework; path = System/Library/Frameworks/MapKit.framework; sourceTree = SDKROOT; };
		563974C118FBB6830068AB08 /* CoreLocation.framework */ = {isa = PBXFileReference; lastKnownFileType = wrapper.framework; name = CoreLocation.framework; path = System/Library/Frameworks/CoreLocation.framework; sourceTree = SDKROOT; };
		56D509121901DE5000C5847A /* chbloading.png */ = {isa = PBXFileReference; lastKnownFileType = image.png; name = chbloading.png; path = ../chbloading.png; sourceTree = "<group>"; };
		56D5091C1903473200C5847A /* filiali.txt */ = {isa = PBXFileReference; fileEncoding = 4; lastKnownFileType = text; path = filiali.txt; sourceTree = "<group>"; };
		56D509241903783100C5847A /* Reachability.h */ = {isa = PBXFileReference; fileEncoding = 4; lastKnownFileType = sourcecode.c.h; path = Reachability.h; sourceTree = "<group>"; };
		56D509251903783100C5847A /* Reachability.m */ = {isa = PBXFileReference; fileEncoding = 4; lastKnownFileType = sourcecode.c.objc; path = Reachability.m; sourceTree = "<group>"; };
		56DBBC05190427D8009B6E15 /* GetData.h */ = {isa = PBXFileReference; fileEncoding = 4; lastKnownFileType = sourcecode.c.h; path = GetData.h; sourceTree = "<group>"; };
		56DBBC06190427D8009B6E15 /* GetData.m */ = {isa = PBXFileReference; fileEncoding = 4; lastKnownFileType = sourcecode.c.objc; path = GetData.m; sourceTree = "<group>"; };
		56DBBC0819044008009B6E15 /* noise.png */ = {isa = PBXFileReference; lastKnownFileType = image.png; path = noise.png; sourceTree = "<group>"; };
		56DBBC3A19048CE4009B6E15 /* bilancio.htm */ = {isa = PBXFileReference; fileEncoding = 4; lastKnownFileType = text.html; path = bilancio.htm; sourceTree = "<group>"; };
		56DBBC3B19048CE4009B6E15 /* numeri.htm */ = {isa = PBXFileReference; fileEncoding = 4; lastKnownFileType = text.html; path = numeri.htm; sourceTree = "<group>"; };
		56DBBC3C19048CE4009B6E15 /* governance_no.htm */ = {isa = PBXFileReference; fileEncoding = 4; lastKnownFileType = text.html; path = governance_no.htm; sourceTree = "<group>"; };
		56DBBC3D19048CE4009B6E15 /* sociale.htm */ = {isa = PBXFileReference; fileEncoding = 4; lastKnownFileType = text.html; path = sociale.htm; sourceTree = "<group>"; };
		56DBBC3E19048CE4009B6E15 /* notizie.htm */ = {isa = PBXFileReference; fileEncoding = 4; lastKnownFileType = text.html; path = notizie.htm; sourceTree = "<group>"; };
		56DBBC48190499C9009B6E15 /* fav.png */ = {isa = PBXFileReference; lastKnownFileType = image.png; path = fav.png; sourceTree = "<group>"; };
		56DBBC49190499C9009B6E15 /* favorited.png */ = {isa = PBXFileReference; lastKnownFileType = image.png; path = favorited.png; sourceTree = "<group>"; };
		56DBBC4C1904A140009B6E15 /* 25.html */ = {isa = PBXFileReference; fileEncoding = 4; lastKnownFileType = text.html; path = 25.html; sourceTree = "<group>"; };
		56DBBC4E1904AB55009B6E15 /* pin_blue_ipad.png */ = {isa = PBXFileReference; lastKnownFileType = image.png; path = pin_blue_ipad.png; sourceTree = "<group>"; };
		56DBBC4F1904AB55009B6E15 /* pin_blue.png */ = {isa = PBXFileReference; lastKnownFileType = image.png; path = pin_blue.png; sourceTree = "<group>"; };
		56DBBC501904AB55009B6E15 /* pin_green_ipad.png */ = {isa = PBXFileReference; lastKnownFileType = image.png; path = pin_green_ipad.png; sourceTree = "<group>"; };
		56DBBC511904AB55009B6E15 /* pin_green.png */ = {isa = PBXFileReference; lastKnownFileType = image.png; path = pin_green.png; sourceTree = "<group>"; };
		56DBBC521904AB55009B6E15 /* pin_pink_ipad.png */ = {isa = PBXFileReference; lastKnownFileType = image.png; path = pin_pink_ipad.png; sourceTree = "<group>"; };
		56DBBC531904AB55009B6E15 /* pin_pink.png */ = {isa = PBXFileReference; lastKnownFileType = image.png; path = pin_pink.png; sourceTree = "<group>"; };
		56DBBC541904AB55009B6E15 /* pin_red_ipad.png */ = {isa = PBXFileReference; lastKnownFileType = image.png; path = pin_red_ipad.png; sourceTree = "<group>"; };
		56DBBC551904AB55009B6E15 /* pin_red.png */ = {isa = PBXFileReference; lastKnownFileType = image.png; path = pin_red.png; sourceTree = "<group>"; };
		56DBBC561904AB55009B6E15 /* pin_yellow_ipad.png */ = {isa = PBXFileReference; lastKnownFileType = image.png; path = pin_yellow_ipad.png; sourceTree = "<group>"; };
		56DBBC571904AB55009B6E15 /* pin_yellow.png */ = {isa = PBXFileReference; lastKnownFileType = image.png; path = pin_yellow.png; sourceTree = "<group>"; };
		56DBBC621904AE55009B6E15 /* pin_hres_red.png */ = {isa = PBXFileReference; lastKnownFileType = image.png; path = pin_hres_red.png; sourceTree = "<group>"; };
		56DBBC641904DDCA009B6E15 /* noise_hres.png */ = {isa = PBXFileReference; lastKnownFileType = image.png; path = noise_hres.png; sourceTree = "<group>"; };
		56DBBC661905D5DF009B6E15 /* QuartzCore.framework */ = {isa = PBXFileReference; lastKnownFileType = wrapper.framework; name = QuartzCore.framework; path = System/Library/Frameworks/QuartzCore.framework; sourceTree = SDKROOT; };
		56DBBC691905D7A1009B6E15 /* ContentViewController.h */ = {isa = PBXFileReference; fileEncoding = 4; lastKnownFileType = sourcecode.c.h; path = ContentViewController.h; sourceTree = "<group>"; };
		56DBBC6A1905D7A1009B6E15 /* ContentViewController.m */ = {isa = PBXFileReference; fileEncoding = 4; lastKnownFileType = sourcecode.c.objc; path = ContentViewController.m; sourceTree = "<group>"; };
		56DBBC6B1905D7A1009B6E15 /* PageViewController.h */ = {isa = PBXFileReference; fileEncoding = 4; lastKnownFileType = sourcecode.c.h; path = PageViewController.h; sourceTree = "<group>"; };
		56DBBC6C1905D7A1009B6E15 /* PageViewController.m */ = {isa = PBXFileReference; fileEncoding = 4; lastKnownFileType = sourcecode.c.objc; path = PageViewController.m; sourceTree = "<group>"; };
		56DBBC6D1905D7A1009B6E15 /* PDFScrollView.h */ = {isa = PBXFileReference; fileEncoding = 4; lastKnownFileType = sourcecode.c.h; path = PDFScrollView.h; sourceTree = "<group>"; };
		56DBBC6E1905D7A1009B6E15 /* PDFScrollView.m */ = {isa = PBXFileReference; fileEncoding = 4; lastKnownFileType = sourcecode.c.objc; path = PDFScrollView.m; sourceTree = "<group>"; };
		56DBBC6F1905D7A1009B6E15 /* TiledPDFView.h */ = {isa = PBXFileReference; fileEncoding = 4; lastKnownFileType = sourcecode.c.h; path = TiledPDFView.h; sourceTree = "<group>"; };
		56DBBC701905D7A1009B6E15 /* TiledPDFView.m */ = {isa = PBXFileReference; fileEncoding = 4; lastKnownFileType = sourcecode.c.objc; path = TiledPDFView.m; sourceTree = "<group>"; };
		56DBBC751905D9CB009B6E15 /* PDF.pdf */ = {isa = PBXFileReference; lastKnownFileType = image.pdf; path = PDF.pdf; sourceTree = "<group>"; };
		56DBBC7A1905F294009B6E15 /* BILANCIO_WEB4_1536.pdf */ = {isa = PBXFileReference; lastKnownFileType = image.pdf; path = BILANCIO_WEB4_1536.pdf; sourceTree = "<group>"; };
/* End PBXFileReference section */

/* Begin PBXFrameworksBuildPhase section */
		5639746618FB3BF90068AB08 /* Frameworks */ = {
			isa = PBXFrameworksBuildPhase;
			buildActionMask = 2147483647;
			files = (
				563974C018FBB6790068AB08 /* MapKit.framework in Frameworks */,
				5639746F18FB3BF90068AB08 /* CoreGraphics.framework in Frameworks */,
				5639747118FB3BF90068AB08 /* UIKit.framework in Frameworks */,
				5639746D18FB3BF90068AB08 /* Foundation.framework in Frameworks */,
			);
			runOnlyForDeploymentPostprocessing = 0;
		};
/* End PBXFrameworksBuildPhase section */

/* Begin PBXGroup section */
		5639746018FB3BF90068AB08 = {
			isa = PBXGroup;
			children = (
				5639747218FB3BF90068AB08 /* Chb */,
				5639746B18FB3BF90068AB08 /* Frameworks */,
				5639746A18FB3BF90068AB08 /* Products */,
			);
			sourceTree = "<group>";
		};
		5639746A18FB3BF90068AB08 /* Products */ = {
			isa = PBXGroup;
			children = (
				5639746918FB3BF90068AB08 /* Chb.app */,
			);
			name = Products;
			sourceTree = "<group>";
		};
		5639746B18FB3BF90068AB08 /* Frameworks */ = {
			isa = PBXGroup;
			children = (
				56DBBC661905D5DF009B6E15 /* QuartzCore.framework */,
				563974C118FBB6830068AB08 /* CoreLocation.framework */,
				563974BF18FBB6790068AB08 /* MapKit.framework */,
				5639746C18FB3BF90068AB08 /* Foundation.framework */,
				5639746E18FB3BF90068AB08 /* CoreGraphics.framework */,
				5639747018FB3BF90068AB08 /* UIKit.framework */,
				5639748B18FB3BF90068AB08 /* XCTest.framework */,
			);
			name = Frameworks;
			sourceTree = "<group>";
		};
		5639747218FB3BF90068AB08 /* Chb */ = {
			isa = PBXGroup;
			children = (
				56DBBC681905D613009B6E15 /* PDF */,
				563974B118FB909D0068AB08 /* iPad */,
				563974B018FB8EAF0068AB08 /* Classi */,
				563974C318FBC1990068AB08 /* Immagini */,
				563974C418FBC1A50068AB08 /* Contenuti */,
				5639747B18FB3BF90068AB08 /* TSPAppDelegate.h */,
				5639747C18FB3BF90068AB08 /* TSPAppDelegate.m */,
				5639747E18FB3BF90068AB08 /* Main.storyboard */,
				50A546101A03CC3B00E9D2F8 /* TSPBilViewController.h */,
				50A546111A03CC3B00E9D2F8 /* TSPBilViewController.m */,
				50E8EAA519C62A0700F41D77 /* TSPPageViewController.h */,
				50E8EAA619C62A0700F41D77 /* TSPPageViewController.m */,
				563974A818FB82B60068AB08 /* TSPWebViewController.h */,
				563974A918FB82B60068AB08 /* TSPWebViewController.m */,
				563974BC18FBB1020068AB08 /* TSPMapViewController.h */,
				563974BD18FBB1020068AB08 /* TSPMapViewController.m */,
				563974A518FB7A110068AB08 /* TSPTouchUIView.h */,
				563974A618FB7A110068AB08 /* TSPTouchUIView.m */,
				5639748118FB3BF90068AB08 /* TSPViewController.h */,
				5639748218FB3BF90068AB08 /* TSPViewController.m */,
				5639748418FB3BF90068AB08 /* Images.xcassets */,
				5639747318FB3BF90068AB08 /* Supporting Files */,
			);
			path = Chb;
			sourceTree = "<group>";
		};
		5639747318FB3BF90068AB08 /* Supporting Files */ = {
			isa = PBXGroup;
			children = (
				5639747418FB3BF90068AB08 /* Chb-Info.plist */,
				5639747518FB3BF90068AB08 /* InfoPlist.strings */,
				5639747818FB3BF90068AB08 /* main.m */,
				5639747A18FB3BF90068AB08 /* Chb-Prefix.pch */,
			);
			name = "Supporting Files";
			sourceTree = "<group>";
		};
		563974B018FB8EAF0068AB08 /* Classi */ = {
			isa = PBXGroup;
			children = (
				563974AD18FB8C3E0068AB08 /* FindUIViewController.h */,
				563974AE18FB8C3E0068AB08 /* FindUIViewController.m */,
				56D509241903783100C5847A /* Reachability.h */,
				56D509251903783100C5847A /* Reachability.m */,
				56DBBC05190427D8009B6E15 /* GetData.h */,
				56DBBC06190427D8009B6E15 /* GetData.m */,
				50A546131A03CDF800E9D2F8 /* FileDownloadInfo.h */,
				50A546141A03CDF800E9D2F8 /* FileDownloadInfo.m */,
			);
			name = Classi;
			sourceTree = "<group>";
		};
		563974B118FB909D0068AB08 /* iPad */ = {
			isa = PBXGroup;
			children = (
			);
			name = iPad;
			sourceTree = "<group>";
		};
		563974C318FBC1990068AB08 /* Immagini */ = {
			isa = PBXGroup;
			children = (
				50C9D57419E9C5BC0032BA34 /* bg_vuoto.png */,
				50C9D57219E9974C0032BA34 /* Default-568h@2x.png */,
				50E8EAA819E968BF00F41D77 /* bg_bilancio.png */,
				50E8EAA919E968BF00F41D77 /* bg_governance.png */,
				50C9D57019E98D6D0032BA34 /* icon-back.png */,
				50E8EAAA19E968BF00F41D77 /* bg_filiali.png */,
				50E8EAAB19E968BF00F41D77 /* bg_numeri.png */,
				50E8EAAC19E968BF00F41D77 /* bg_sociale.png */,
				50E8EAAD19E968BF00F41D77 /* bg_notizie.png */,
				50E8EA8119C5E33A00F41D77 /* f2_off.png */,
				50E8EA8219C5E33A00F41D77 /* f1_off.png */,
				50E8EA8319C5E33A00F41D77 /* f4_off.png */,
				50E8EA8419C5E33A00F41D77 /* f6_off.png */,
				50E8EA8F19C5F51700F41D77 /* terraViBil_piccola.png */,
				50E8EA9019C5F51700F41D77 /* terraViBil.png */,
				50E8EA8519C5E33A00F41D77 /* f5_off.png */,
				50E8EA8619C5E33A00F41D77 /* f3_off.png */,
				50E8EA7119C5D7C200F41D77 /* logo.png */,
				50E8EA7219C5D7C200F41D77 /* f5.png */,
				50E8EA7319C5D7C200F41D77 /* f4.png */,
				50E8EA7419C5D7C200F41D77 /* f2.png */,
				50E8EA7519C5D7C200F41D77 /* f1.png */,
				50E8EA7619C5D7C200F41D77 /* f3.png */,
				50E8EA7819C5D7C200F41D77 /* f6.png */,
				56DBBC4E1904AB55009B6E15 /* pin_blue_ipad.png */,
				56DBBC641904DDCA009B6E15 /* noise_hres.png */,
				56DBBC4F1904AB55009B6E15 /* pin_blue.png */,
				56DBBC501904AB55009B6E15 /* pin_green_ipad.png */,
				56DBBC511904AB55009B6E15 /* pin_green.png */,
				56DBBC521904AB55009B6E15 /* pin_pink_ipad.png */,
				56DBBC531904AB55009B6E15 /* pin_pink.png */,
				56DBBC541904AB55009B6E15 /* pin_red_ipad.png */,
				56DBBC551904AB55009B6E15 /* pin_red.png */,
				56DBBC561904AB55009B6E15 /* pin_yellow_ipad.png */,
				56DBBC571904AB55009B6E15 /* pin_yellow.png */,
				56DBBC621904AE55009B6E15 /* pin_hres_red.png */,
				56DBBC48190499C9009B6E15 /* fav.png */,
				56DBBC49190499C9009B6E15 /* favorited.png */,
				5056D23E19BA810900F49460 /* sf.png */,
				56D509121901DE5000C5847A /* chbloading.png */,
				563974A318FB72610068AB08 /* logo_chb_s.png */,
				56DBBC0819044008009B6E15 /* noise.png */,
				563974B518FBA3330068AB08 /* under_layer.png */,
			);
			name = Immagini;
			sourceTree = "<group>";
		};
		563974C418FBC1A50068AB08 /* Contenuti */ = {
			isa = PBXGroup;
			children = (
				50C9D5761A03BC8A0032BA34 /* cda.html */,
				50C9D5771A03BC8A0032BA34 /* dot25.png */,
				50C9D5781A03BC8A0032BA34 /* dot50.png */,
				50C9D5791A03BC8A0032BA34 /* governance.html */,
				56DBBC7A1905F294009B6E15 /* BILANCIO_WEB4_1536.pdf */,
				56DBBC3A19048CE4009B6E15 /* bilancio.htm */,
				56DBBC4C1904A140009B6E15 /* 25.html */,
				56DBBC3B19048CE4009B6E15 /* numeri.htm */,
				56DBBC3C19048CE4009B6E15 /* governance_no.htm */,
				56DBBC3D19048CE4009B6E15 /* sociale.htm */,
				56DBBC3E19048CE4009B6E15 /* notizie.htm */,
				56D5091C1903473200C5847A /* filiali.txt */,
				5019EDD81A06D96D00FFE2CB /* bilanci.txt */,
				5019EDD91A06D96D00FFE2CB /* TemplateIcon2x.png */,
			);
			name = Contenuti;
			sourceTree = "<group>";
		};
		56DBBC681905D613009B6E15 /* PDF */ = {
			isa = PBXGroup;
			children = (
				56DBBC751905D9CB009B6E15 /* PDF.pdf */,
				56DBBC691905D7A1009B6E15 /* ContentViewController.h */,
				56DBBC6A1905D7A1009B6E15 /* ContentViewController.m */,
				56DBBC6B1905D7A1009B6E15 /* PageViewController.h */,
				56DBBC6C1905D7A1009B6E15 /* PageViewController.m */,
				56DBBC6D1905D7A1009B6E15 /* PDFScrollView.h */,
				56DBBC6E1905D7A1009B6E15 /* PDFScrollView.m */,
				56DBBC6F1905D7A1009B6E15 /* TiledPDFView.h */,
				56DBBC701905D7A1009B6E15 /* TiledPDFView.m */,
			);
			name = PDF;
			sourceTree = "<group>";
		};
/* End PBXGroup section */

/* Begin PBXNativeTarget section */
		5639746818FB3BF90068AB08 /* Chb */ = {
			isa = PBXNativeTarget;
			buildConfigurationList = 5639749B18FB3BF90068AB08 /* Build configuration list for PBXNativeTarget "Chb" */;
			buildPhases = (
				5639746518FB3BF90068AB08 /* Sources */,
				5639746618FB3BF90068AB08 /* Frameworks */,
				5639746718FB3BF90068AB08 /* Resources */,
			);
			buildRules = (
			);
			dependencies = (
			);
			name = Chb;
			productName = Chb;
			productReference = 5639746918FB3BF90068AB08 /* Chb.app */;
			productType = "com.apple.product-type.application";
		};
/* End PBXNativeTarget section */

/* Begin PBXProject section */
		5639746118FB3BF90068AB08 /* Project object */ = {
			isa = PBXProject;
			attributes = {
				CLASSPREFIX = TSP;
				LastUpgradeCheck = 0510;
				ORGANIZATIONNAME = "Massimo Zanini";
				TargetAttributes = {
					5639746818FB3BF90068AB08 = {
						SystemCapabilities = {
							com.apple.BackgroundModes = {
								enabled = 1;
							};
						};
					};
				};
			};
			buildConfigurationList = 5639746418FB3BF90068AB08 /* Build configuration list for PBXProject "Chb" */;
			compatibilityVersion = "Xcode 3.2";
			developmentRegion = English;
			hasScannedForEncodings = 0;
			knownRegions = (
				en,
				Base,
				it,
			);
			mainGroup = 5639746018FB3BF90068AB08;
			productRefGroup = 5639746A18FB3BF90068AB08 /* Products */;
			projectDirPath = "";
			projectRoot = "";
			targets = (
				5639746818FB3BF90068AB08 /* Chb */,
			);
		};
/* End PBXProject section */

/* Begin PBXResourcesBuildPhase section */
		5639746718FB3BF90068AB08 /* Resources */ = {
			isa = PBXResourcesBuildPhase;
			buildActionMask = 2147483647;
			files = (
				50E8EA9119C5F51700F41D77 /* terraViBil_piccola.png in Resources */,
				56DBBC4019048CE4009B6E15 /* numeri.htm in Resources */,
				50E8EA8919C5E33A00F41D77 /* f4_off.png in Resources */,
				56DBBC4119048CE4009B6E15 /* governance_no.htm in Resources */,
				56DBBC4D1904A140009B6E15 /* 25.html in Resources */,
				50E8EAAF19E968BF00F41D77 /* bg_governance.png in Resources */,
				50E8EA8719C5E33A00F41D77 /* f2_off.png in Resources */,
				50C9D57B1A03BC8B0032BA34 /* dot25.png in Resources */,
				50E8EA9219C5F51700F41D77 /* terraViBil.png in Resources */,
				50E8EA7B19C5D7C200F41D77 /* f4.png in Resources */,
				50E8EAAE19E968BF00F41D77 /* bg_bilancio.png in Resources */,
				56DBBC5D1904AB55009B6E15 /* pin_pink.png in Resources */,
				50C9D57319E9974C0032BA34 /* Default-568h@2x.png in Resources */,
				50E8EA8019C5D7C200F41D77 /* f6.png in Resources */,
				5639748518FB3BF90068AB08 /* Images.xcassets in Resources */,
				50C9D57119E98D6D0032BA34 /* icon-back.png in Resources */,
				56DBBC4A190499C9009B6E15 /* fav.png in Resources */,
				5056D23F19BA810900F49460 /* sf.png in Resources */,
				50E8EA8C19C5E33A00F41D77 /* f3_off.png in Resources */,
				563974A418FB72610068AB08 /* logo_chb_s.png in Resources */,
				50C9D57D1A03BC8B0032BA34 /* governance.html in Resources */,
				56DBBC631904AE55009B6E15 /* pin_hres_red.png in Resources */,
				56D5091D1903473200C5847A /* filiali.txt in Resources */,
				56D509131901DE5100C5847A /* chbloading.png in Resources */,
				56DBBC0919044008009B6E15 /* noise.png in Resources */,
				50E8EAB119E968BF00F41D77 /* bg_numeri.png in Resources */,
				56DBBC5F1904AB55009B6E15 /* pin_red.png in Resources */,
				56DBBC4219048CE4009B6E15 /* sociale.htm in Resources */,
				50E8EA8819C5E33A00F41D77 /* f1_off.png in Resources */,
				56DBBC651904DDCA009B6E15 /* noise_hres.png in Resources */,
				5639747718FB3BF90068AB08 /* InfoPlist.strings in Resources */,
				56DBBC581904AB55009B6E15 /* pin_blue_ipad.png in Resources */,
				563974B618FBA3330068AB08 /* under_layer.png in Resources */,
				50C9D57C1A03BC8B0032BA34 /* dot50.png in Resources */,
				56DBBC7B1905F294009B6E15 /* BILANCIO_WEB4_1536.pdf in Resources */,
				50E8EA7E19C5D7C200F41D77 /* f3.png in Resources */,
				50E8EA7919C5D7C200F41D77 /* logo.png in Resources */,
				50E8EA7C19C5D7C200F41D77 /* f2.png in Resources */,
				56DBBC5C1904AB55009B6E15 /* pin_pink_ipad.png in Resources */,
				56DBBC5A1904AB55009B6E15 /* pin_green_ipad.png in Resources */,
				50E8EAB219E968BF00F41D77 /* bg_sociale.png in Resources */,
				50E8EA7D19C5D7C200F41D77 /* f1.png in Resources */,
				50E8EA8A19C5E33A00F41D77 /* f6_off.png in Resources */,
				50E8EA7A19C5D7C200F41D77 /* f5.png in Resources */,
				56DBBC591904AB55009B6E15 /* pin_blue.png in Resources */,
				56DBBC611904AB55009B6E15 /* pin_yellow.png in Resources */,
				56DBBC5B1904AB55009B6E15 /* pin_green.png in Resources */,
				56DBBC3F19048CE4009B6E15 /* bilancio.htm in Resources */,
				5019EDDB1A06D96D00FFE2CB /* TemplateIcon2x.png in Resources */,
				50E8EAB019E968BF00F41D77 /* bg_filiali.png in Resources */,
				56DBBC4B190499C9009B6E15 /* favorited.png in Resources */,
				50E8EAB319E968BF00F41D77 /* bg_notizie.png in Resources */,
				50E8EA8B19C5E33A00F41D77 /* f5_off.png in Resources */,
				56DBBC601904AB55009B6E15 /* pin_yellow_ipad.png in Resources */,
				56DBBC5E1904AB55009B6E15 /* pin_red_ipad.png in Resources */,
				50C9D57A1A03BC8A0032BA34 /* cda.html in Resources */,
				5019EDDA1A06D96D00FFE2CB /* bilanci.txt in Resources */,
				56DBBC761905D9CB009B6E15 /* PDF.pdf in Resources */,
				56DBBC4319048CE4009B6E15 /* notizie.htm in Resources */,
				5639748018FB3BF90068AB08 /* Main.storyboard in Resources */,
				50C9D57519E9C5BD0032BA34 /* bg_vuoto.png in Resources */,
			);
			runOnlyForDeploymentPostprocessing = 0;
		};
/* End PBXResourcesBuildPhase section */

/* Begin PBXSourcesBuildPhase section */
		5639746518FB3BF90068AB08 /* Sources */ = {
			isa = PBXSourcesBuildPhase;
			buildActionMask = 2147483647;
			files = (
				5639748318FB3BF90068AB08 /* TSPViewController.m in Sources */,
				50A546151A03CDF800E9D2F8 /* FileDownloadInfo.m in Sources */,
				5639747D18FB3BF90068AB08 /* TSPAppDelegate.m in Sources */,
				56D509261903783100C5847A /* Reachability.m in Sources */,
				563974BE18FBB1020068AB08 /* TSPMapViewController.m in Sources */,
				563974A718FB7A110068AB08 /* TSPTouchUIView.m in Sources */,
				563974AF18FB8C3E0068AB08 /* FindUIViewController.m in Sources */,
				56DBBC721905D7A1009B6E15 /* PageViewController.m in Sources */,
				50A546121A03CC3B00E9D2F8 /* TSPBilViewController.m in Sources */,
				56DBBC711905D7A1009B6E15 /* ContentViewController.m in Sources */,
				56DBBC741905D7A1009B6E15 /* TiledPDFView.m in Sources */,
				5639747918FB3BF90068AB08 /* main.m in Sources */,
				563974AA18FB82B60068AB08 /* TSPWebViewController.m in Sources */,
				56DBBC731905D7A1009B6E15 /* PDFScrollView.m in Sources */,
				56DBBC07190427D8009B6E15 /* GetData.m in Sources */,
				50E8EAA719C62A0700F41D77 /* TSPPageViewController.m in Sources */,
			);
			runOnlyForDeploymentPostprocessing = 0;
		};
/* End PBXSourcesBuildPhase section */

/* Begin PBXVariantGroup section */
		5639747518FB3BF90068AB08 /* InfoPlist.strings */ = {
			isa = PBXVariantGroup;
			children = (
				5639747618FB3BF90068AB08 /* en */,
				563974B318FB919C0068AB08 /* it */,
			);
			name = InfoPlist.strings;
			sourceTree = "<group>";
		};
		5639747E18FB3BF90068AB08 /* Main.storyboard */ = {
			isa = PBXVariantGroup;
			children = (
				5639747F18FB3BF90068AB08 /* Base */,
				563974B218FB919C0068AB08 /* it */,
			);
			name = Main.storyboard;
			sourceTree = "<group>";
		};
/* End PBXVariantGroup section */

/* Begin XCBuildConfiguration section */
		5639749918FB3BF90068AB08 /* Debug */ = {
			isa = XCBuildConfiguration;
			buildSettings = {
				ALWAYS_SEARCH_USER_PATHS = NO;
				CLANG_CXX_LANGUAGE_STANDARD = "gnu++0x";
				CLANG_CXX_LIBRARY = "libc++";
				CLANG_ENABLE_MODULES = YES;
				CLANG_ENABLE_OBJC_ARC = YES;
				CLANG_WARN_BOOL_CONVERSION = YES;
				CLANG_WARN_CONSTANT_CONVERSION = YES;
				CLANG_WARN_DIRECT_OBJC_ISA_USAGE = YES_ERROR;
				CLANG_WARN_EMPTY_BODY = YES;
				CLANG_WARN_ENUM_CONVERSION = YES;
				CLANG_WARN_INT_CONVERSION = YES;
				CLANG_WARN_OBJC_ROOT_CLASS = YES_ERROR;
				CLANG_WARN__DUPLICATE_METHOD_MATCH = YES;
				"CODE_SIGN_IDENTITY[sdk=iphoneos*]" = "iPhone Developer";
				COPY_PHASE_STRIP = NO;
				GCC_C_LANGUAGE_STANDARD = gnu99;
				GCC_DYNAMIC_NO_PIC = NO;
				GCC_OPTIMIZATION_LEVEL = 0;
				GCC_PREPROCESSOR_DEFINITIONS = (
					"DEBUG=1",
					"$(inherited)",
				);
				GCC_SYMBOLS_PRIVATE_EXTERN = NO;
				GCC_WARN_64_TO_32_BIT_CONVERSION = YES;
				GCC_WARN_ABOUT_RETURN_TYPE = YES_ERROR;
				GCC_WARN_UNDECLARED_SELECTOR = YES;
				GCC_WARN_UNINITIALIZED_AUTOS = YES_AGGRESSIVE;
				GCC_WARN_UNUSED_FUNCTION = YES;
				GCC_WARN_UNUSED_VARIABLE = YES;
				IPHONEOS_DEPLOYMENT_TARGET = 7.1;
				ONLY_ACTIVE_ARCH = YES;
				SDKROOT = iphoneos;
			};
			name = Debug;
		};
		5639749A18FB3BF90068AB08 /* Release */ = {
			isa = XCBuildConfiguration;
			buildSettings = {
				ALWAYS_SEARCH_USER_PATHS = NO;
				CLANG_CXX_LANGUAGE_STANDARD = "gnu++0x";
				CLANG_CXX_LIBRARY = "libc++";
				CLANG_ENABLE_MODULES = YES;
				CLANG_ENABLE_OBJC_ARC = YES;
				CLANG_WARN_BOOL_CONVERSION = YES;
				CLANG_WARN_CONSTANT_CONVERSION = YES;
				CLANG_WARN_DIRECT_OBJC_ISA_USAGE = YES_ERROR;
				CLANG_WARN_EMPTY_BODY = YES;
				CLANG_WARN_ENUM_CONVERSION = YES;
				CLANG_WARN_INT_CONVERSION = YES;
				CLANG_WARN_OBJC_ROOT_CLASS = YES_ERROR;
				CLANG_WARN__DUPLICATE_METHOD_MATCH = YES;
				"CODE_SIGN_IDENTITY[sdk=iphoneos*]" = "iPhone Developer";
				COPY_PHASE_STRIP = YES;
				ENABLE_NS_ASSERTIONS = NO;
				GCC_C_LANGUAGE_STANDARD = gnu99;
				GCC_WARN_64_TO_32_BIT_CONVERSION = YES;
				GCC_WARN_ABOUT_RETURN_TYPE = YES_ERROR;
				GCC_WARN_UNDECLARED_SELECTOR = YES;
				GCC_WARN_UNINITIALIZED_AUTOS = YES_AGGRESSIVE;
				GCC_WARN_UNUSED_FUNCTION = YES;
				GCC_WARN_UNUSED_VARIABLE = YES;
				IPHONEOS_DEPLOYMENT_TARGET = 7.1;
				SDKROOT = iphoneos;
				VALIDATE_PRODUCT = YES;
			};
			name = Release;
		};
		5639749C18FB3BF90068AB08 /* Debug */ = {
			isa = XCBuildConfiguration;
			buildSettings = {
				ASSETCATALOG_COMPILER_APPICON_NAME = AppIcon;
				ASSETCATALOG_COMPILER_LAUNCHIMAGE_NAME = LaunchImage;
				GCC_PRECOMPILE_PREFIX_HEADER = YES;
				GCC_PREFIX_HEADER = "Chb/Chb-Prefix.pch";
				INFOPLIST_FILE = "Chb/Chb-Info.plist";
				IPHONEOS_DEPLOYMENT_TARGET = 8.0;
				PRODUCT_NAME = "$(TARGET_NAME)";
				TARGETED_DEVICE_FAMILY = "1,2";
				WRAPPER_EXTENSION = app;
			};
			name = Debug;
		};
		5639749D18FB3BF90068AB08 /* Release */ = {
			isa = XCBuildConfiguration;
			buildSettings = {
				ASSETCATALOG_COMPILER_APPICON_NAME = AppIcon;
				ASSETCATALOG_COMPILER_LAUNCHIMAGE_NAME = LaunchImage;
				GCC_PRECOMPILE_PREFIX_HEADER = YES;
				GCC_PREFIX_HEADER = "Chb/Chb-Prefix.pch";
				INFOPLIST_FILE = "Chb/Chb-Info.plist";
				IPHONEOS_DEPLOYMENT_TARGET = 8.0;
				PRODUCT_NAME = "$(TARGET_NAME)";
				TARGETED_DEVICE_FAMILY = "1,2";
				WRAPPER_EXTENSION = app;
			};
			name = Release;
		};
/* End XCBuildConfiguration section */

/* Begin XCConfigurationList section */
		5639746418FB3BF90068AB08 /* Build configuration list for PBXProject "Chb" */ = {
			isa = XCConfigurationList;
			buildConfigurations = (
				5639749918FB3BF90068AB08 /* Debug */,
				5639749A18FB3BF90068AB08 /* Release */,
			);
			defaultConfigurationIsVisible = 0;
			defaultConfigurationName = Release;
		};
		5639749B18FB3BF90068AB08 /* Build configuration list for PBXNativeTarget "Chb" */ = {
			isa = XCConfigurationList;
			buildConfigurations = (
				5639749C18FB3BF90068AB08 /* Debug */,
				5639749D18FB3BF90068AB08 /* Release */,
			);
			defaultConfigurationIsVisible = 0;
			defaultConfigurationName = Release;
		};
/* End XCConfigurationList section */
	};
	rootObject = 5639746118FB3BF90068AB08 /* Project object */;
}
